
Microsoft Visual Studio Solution File, Format Version 12.00
# Visual Studio 14
VisualStudioVersion = 14.0.25123.0
MinimumVisualStudioVersion = 10.0.40219.1
Project("{FAE04EC0-301F-11D3-BF4B-00C04F79EFBC}") = "CrossQuery.Mapper", "CrossQuery.Mapper\CrossQuery.Mapper.csproj", "{7EB04099-2914-4D88-B737-5D88B512AE1A}"
EndProject
Project("{FAE04EC0-301F-11D3-BF4B-00C04F79EFBC}") = "CrossQuery.Mapper.Tests", "CrossQuery.Mapper.Tests\CrossQuery.Mapper.Tests.csproj", "{B1561A5D-5AA0-4D1C-8F65-A4DEBA2BC359}"
EndProject
Project("{FAE04EC0-301F-11D3-BF4B-00C04F79EFBC}") = "CrossQuery.Linq", "CrossQuery.Linq\CrossQuery.Linq.csproj", "{022F708D-B3B3-45F9-B911-964350C16C24}"
EndProject
Project("{FAE04EC0-301F-11D3-BF4B-00C04F79EFBC}") = "CrossQuery.Entity", "CrossQuery.Entity\CrossQuery.Entity.csproj", "{13DBA496-6A83-4FB2-B0C7-E138B6EA91DB}"
EndProject
Project("{FAE04EC0-301F-11D3-BF4B-00C04F79EFBC}") = "CrossQuery.Interfaces", "CrossQuery.Interfaces\CrossQuery.Interfaces.csproj", "{99B330C3-853B-458E-8C94-4372F59F9D2B}"
EndProject
Project("{FAE04EC0-301F-11D3-BF4B-00C04F79EFBC}") = "CrossQuery.Linq.Tests", "CrossQuery.Linq.Tests\CrossQuery.Linq.Tests.csproj", "{84B35561-FBAB-4A30-98EF-26703749E4DE}"
EndProject
Global
	GlobalSection(SolutionConfigurationPlatforms) = preSolution
		Debug|Any CPU = Debug|Any CPU
		Release|Any CPU = Release|Any CPU
	EndGlobalSection
	GlobalSection(ProjectConfigurationPlatforms) = postSolution
		{7EB04099-2914-4D88-B737-5D88B512AE1A}.Debug|Any CPU.ActiveCfg = Debug|Any CPU
		{7EB04099-2914-4D88-B737-5D88B512AE1A}.Debug|Any CPU.Build.0 = Debug|Any CPU
		{7EB04099-2914-4D88-B737-5D88B512AE1A}.Release|Any CPU.ActiveCfg = Release|Any CPU
		{7EB04099-2914-4D88-B737-5D88B512AE1A}.Release|Any CPU.Build.0 = Release|Any CPU
		{B1561A5D-5AA0-4D1C-8F65-A4DEBA2BC359}.Debug|Any CPU.ActiveCfg = Debug|Any CPU
		{B1561A5D-5AA0-4D1C-8F65-A4DEBA2BC359}.Debug|Any CPU.Build.0 = Debug|Any CPU
		{B1561A5D-5AA0-4D1C-8F65-A4DEBA2BC359}.Release|Any CPU.ActiveCfg = Release|Any CPU
		{B1561A5D-5AA0-4D1C-8F65-A4DEBA2BC359}.Release|Any CPU.Build.0 = Release|Any CPU
		{022F708D-B3B3-45F9-B911-964350C16C24}.Debug|Any CPU.ActiveCfg = Debug|Any CPU
		{022F708D-B3B3-45F9-B911-964350C16C24}.Debug|Any CPU.Build.0 = Debug|Any CPU
		{022F708D-B3B3-45F9-B911-964350C16C24}.Release|Any CPU.ActiveCfg = Release|Any CPU
		{022F708D-B3B3-45F9-B911-964350C16C24}.Release|Any CPU.Build.0 = Release|Any CPU
		{13DBA496-6A83-4FB2-B0C7-E138B6EA91DB}.Debug|Any CPU.ActiveCfg = Debug|Any CPU
		{13DBA496-6A83-4FB2-B0C7-E138B6EA91DB}.Debug|Any CPU.Build.0 = Debug|Any CPU
		{13DBA496-6A83-4FB2-B0C7-E138B6EA91DB}.Release|Any CPU.ActiveCfg = Release|Any CPU
		{13DBA496-6A83-4FB2-B0C7-E138B6EA91DB}.Release|Any CPU.Build.0 = Release|Any CPU
		{99B330C3-853B-458E-8C94-4372F59F9D2B}.Debug|Any CPU.ActiveCfg = Debug|Any CPU
		{99B330C3-853B-458E-8C94-4372F59F9D2B}.Debug|Any CPU.Build.0 = Debug|Any CPU
		{99B330C3-853B-458E-8C94-4372F59F9D2B}.Release|Any CPU.ActiveCfg = Release|Any CPU
		{99B330C3-853B-458E-8C94-4372F59F9D2B}.Release|Any CPU.Build.0 = Release|Any CPU
		{84B35561-FBAB-4A30-98EF-26703749E4DE}.Debug|Any CPU.ActiveCfg = Debug|Any CPU
		{84B35561-FBAB-4A30-98EF-26703749E4DE}.Debug|Any CPU.Build.0 = Debug|Any CPU
		{84B35561-FBAB-4A30-98EF-26703749E4DE}.Release|Any CPU.ActiveCfg = Release|Any CPU
		{84B35561-FBAB-4A30-98EF-26703749E4DE}.Release|Any CPU.Build.0 = Release|Any CPU
	EndGlobalSection
	GlobalSection(SolutionProperties) = preSolution
		HideSolutionNode = FALSE
	EndGlobalSection
EndGlobal
